#MicroXplorer Configuration settings - do not modify
ADC1.Channel-0\#ChannelRegularConversion=ADC_CHANNEL_1
ADC1.Channel-1\#ChannelRegularConversion=ADC_CHANNEL_2
ADC1.Channel-2\#ChannelRegularConversion=ADC_CHANNEL_5
ADC1.Channel-3\#ChannelRegularConversion=ADC_CHANNEL_6
ADC1.ClockPrescaler=ADC_CLOCK_SYNC_PCLK_DIV4
ADC1.ContinuousConvMode=ENABLE
ADC1.DMAContinuousRequests=ENABLE
ADC1.IPParameters=Rank-0\#ChannelRegularConversion,Channel-0\#ChannelRegularConversion,SamplingTime-0\#ChannelRegularConversion,OffsetNumber-0\#ChannelRegularConversion,NbrOfConversionFlag,master,Rank-1\#ChannelRegularConversion,Channel-1\#ChannelRegularConversion,SamplingTime-1\#ChannelRegularConversion,OffsetNumber-1\#ChannelRegularConversion,Rank-2\#ChannelRegularConversion,Channel-2\#ChannelRegularConversion,SamplingTime-2\#ChannelRegularConversion,OffsetNumber-2\#ChannelRegularConversion,Rank-3\#ChannelRegularConversion,Channel-3\#ChannelRegularConversion,SamplingTime-3\#ChannelRegularConversion,OffsetNumber-3\#ChannelRegularConversion,NbrOfConversion,ClockPrescaler,ContinuousConvMode,DMAContinuousRequests
ADC1.NbrOfConversion=4
ADC1.NbrOfConversionFlag=1
ADC1.OffsetNumber-0\#ChannelRegularConversion=ADC_OFFSET_NONE
ADC1.OffsetNumber-1\#ChannelRegularConversion=ADC_OFFSET_NONE
ADC1.OffsetNumber-2\#ChannelRegularConversion=ADC_OFFSET_NONE
ADC1.OffsetNumber-3\#ChannelRegularConversion=ADC_OFFSET_NONE
ADC1.Rank-0\#ChannelRegularConversion=1
ADC1.Rank-1\#ChannelRegularConversion=2
ADC1.Rank-2\#ChannelRegularConversion=3
ADC1.Rank-3\#ChannelRegularConversion=4
ADC1.SamplingTime-0\#ChannelRegularConversion=ADC_SAMPLETIME_640CYCLES_5
ADC1.SamplingTime-1\#ChannelRegularConversion=ADC_SAMPLETIME_640CYCLES_5
ADC1.SamplingTime-2\#ChannelRegularConversion=ADC_SAMPLETIME_640CYCLES_5
ADC1.SamplingTime-3\#ChannelRegularConversion=ADC_SAMPLETIME_640CYCLES_5
ADC1.master=1
Dma.ADC1.0.Direction=DMA_PERIPH_TO_MEMORY
Dma.ADC1.0.EventEnable=DISABLE
Dma.ADC1.0.Instance=DMA1_Channel1
Dma.ADC1.0.MemDataAlignment=DMA_MDATAALIGN_HALFWORD
Dma.ADC1.0.MemInc=DMA_MINC_ENABLE
Dma.ADC1.0.Mode=DMA_CIRCULAR
Dma.ADC1.0.PeriphDataAlignment=DMA_PDATAALIGN_HALFWORD
Dma.ADC1.0.PeriphInc=DMA_PINC_DISABLE
Dma.ADC1.0.Polarity=HAL_DMAMUX_REQ_GEN_RISING
Dma.ADC1.0.Priority=DMA_PRIORITY_LOW
Dma.ADC1.0.RequestNumber=1
Dma.ADC1.0.RequestParameters=Instance,Direction,PeriphInc,MemInc,PeriphDataAlignment,MemDataAlignment,Mode,Priority,SignalID,Polarity,RequestNumber,SyncSignalID,SyncPolarity,SyncEnable,EventEnable,SyncRequestNumber
Dma.ADC1.0.SignalID=NONE
Dma.ADC1.0.SyncEnable=DISABLE
Dma.ADC1.0.SyncPolarity=HAL_DMAMUX_SYNC_NO_EVENT
Dma.ADC1.0.SyncRequestNumber=1
Dma.ADC1.0.SyncSignalID=NONE
Dma.MEMTOMEM.3.Direction=DMA_MEMORY_TO_MEMORY
Dma.MEMTOMEM.3.EventEnable=DISABLE
Dma.MEMTOMEM.3.Instance=DMA1_Channel7
Dma.MEMTOMEM.3.MemDataAlignment=DMA_MDATAALIGN_BYTE
Dma.MEMTOMEM.3.MemInc=DMA_MINC_ENABLE
Dma.MEMTOMEM.3.Mode=DMA_NORMAL
Dma.MEMTOMEM.3.PeriphDataAlignment=DMA_PDATAALIGN_BYTE
Dma.MEMTOMEM.3.PeriphInc=DMA_PINC_ENABLE
Dma.MEMTOMEM.3.Polarity=HAL_DMAMUX_REQ_GEN_RISING
Dma.MEMTOMEM.3.Priority=DMA_PRIORITY_VERY_HIGH
Dma.MEMTOMEM.3.RequestNumber=1
Dma.MEMTOMEM.3.RequestParameters=Instance,Direction,PeriphInc,MemInc,PeriphDataAlignment,MemDataAlignment,Mode,Priority,SignalID,Polarity,RequestNumber,SyncSignalID,SyncPolarity,SyncEnable,EventEnable,SyncRequestNumber
Dma.MEMTOMEM.3.SignalID=NONE
Dma.MEMTOMEM.3.SyncEnable=DISABLE
Dma.MEMTOMEM.3.SyncPolarity=HAL_DMAMUX_SYNC_NO_EVENT
Dma.MEMTOMEM.3.SyncRequestNumber=1
Dma.MEMTOMEM.3.SyncSignalID=NONE
Dma.QUADSPI.4.Direction=DMA_PERIPH_TO_MEMORY
Dma.QUADSPI.4.EventEnable=DISABLE
Dma.QUADSPI.4.Instance=DMA1_Channel4
Dma.QUADSPI.4.MemDataAlignment=DMA_MDATAALIGN_BYTE
Dma.QUADSPI.4.MemInc=DMA_MINC_ENABLE
Dma.QUADSPI.4.Mode=DMA_NORMAL
Dma.QUADSPI.4.PeriphDataAlignment=DMA_PDATAALIGN_BYTE
Dma.QUADSPI.4.PeriphInc=DMA_PINC_DISABLE
Dma.QUADSPI.4.Polarity=HAL_DMAMUX_REQ_GEN_RISING
Dma.QUADSPI.4.Priority=DMA_PRIORITY_HIGH
Dma.QUADSPI.4.RequestNumber=1
Dma.QUADSPI.4.RequestParameters=Instance,Direction,PeriphInc,MemInc,PeriphDataAlignment,MemDataAlignment,Mode,Priority,SignalID,Polarity,RequestNumber,SyncSignalID,SyncPolarity,SyncEnable,EventEnable,SyncRequestNumber
Dma.QUADSPI.4.SignalID=NONE
Dma.QUADSPI.4.SyncEnable=DISABLE
Dma.QUADSPI.4.SyncPolarity=HAL_DMAMUX_SYNC_NO_EVENT
Dma.QUADSPI.4.SyncRequestNumber=1
Dma.QUADSPI.4.SyncSignalID=NONE
Dma.Request0=ADC1
Dma.Request1=SPI2_RX
Dma.Request2=SPI2_TX
Dma.Request3=MEMTOMEM
Dma.Request4=QUADSPI
Dma.Request5=SAI1_A
Dma.RequestsNb=6
Dma.SAI1_A.5.Direction=DMA_PERIPH_TO_MEMORY
Dma.SAI1_A.5.EventEnable=DISABLE
Dma.SAI1_A.5.Instance=DMA1_Channel5
Dma.SAI1_A.5.MemDataAlignment=DMA_MDATAALIGN_HALFWORD
Dma.SAI1_A.5.MemInc=DMA_MINC_ENABLE
Dma.SAI1_A.5.Mode=DMA_CIRCULAR
Dma.SAI1_A.5.PeriphDataAlignment=DMA_PDATAALIGN_HALFWORD
Dma.SAI1_A.5.PeriphInc=DMA_PINC_DISABLE
Dma.SAI1_A.5.Polarity=HAL_DMAMUX_REQ_GEN_RISING
Dma.SAI1_A.5.Priority=DMA_PRIORITY_HIGH
Dma.SAI1_A.5.RequestNumber=1
Dma.SAI1_A.5.RequestParameters=Instance,Direction,PeriphInc,MemInc,PeriphDataAlignment,MemDataAlignment,Mode,Priority,SignalID,Polarity,RequestNumber,SyncSignalID,SyncPolarity,SyncEnable,EventEnable,SyncRequestNumber
Dma.SAI1_A.5.SignalID=NONE
Dma.SAI1_A.5.SyncEnable=DISABLE
Dma.SAI1_A.5.SyncPolarity=HAL_DMAMUX_SYNC_NO_EVENT
Dma.SAI1_A.5.SyncRequestNumber=1
Dma.SAI1_A.5.SyncSignalID=NONE
Dma.SPI2_RX.1.Direction=DMA_PERIPH_TO_MEMORY
Dma.SPI2_RX.1.EventEnable=DISABLE
Dma.SPI2_RX.1.Instance=DMA1_Channel2
Dma.SPI2_RX.1.MemDataAlignment=DMA_MDATAALIGN_BYTE
Dma.SPI2_RX.1.MemInc=DMA_MINC_ENABLE
Dma.SPI2_RX.1.Mode=DMA_NORMAL
Dma.SPI2_RX.1.PeriphDataAlignment=DMA_PDATAALIGN_BYTE
Dma.SPI2_RX.1.PeriphInc=DMA_PINC_DISABLE
Dma.SPI2_RX.1.Polarity=HAL_DMAMUX_REQ_GEN_RISING
Dma.SPI2_RX.1.Priority=DMA_PRIORITY_HIGH
Dma.SPI2_RX.1.RequestNumber=1
Dma.SPI2_RX.1.RequestParameters=Instance,Direction,PeriphInc,MemInc,PeriphDataAlignment,MemDataAlignment,Mode,Priority,SignalID,Polarity,RequestNumber,SyncSignalID,SyncPolarity,SyncEnable,EventEnable,SyncRequestNumber
Dma.SPI2_RX.1.SignalID=NONE
Dma.SPI2_RX.1.SyncEnable=DISABLE
Dma.SPI2_RX.1.SyncPolarity=HAL_DMAMUX_SYNC_NO_EVENT
Dma.SPI2_RX.1.SyncRequestNumber=1
Dma.SPI2_RX.1.SyncSignalID=NONE
Dma.SPI2_TX.2.Direction=DMA_MEMORY_TO_PERIPH
Dma.SPI2_TX.2.EventEnable=DISABLE
Dma.SPI2_TX.2.Instance=DMA1_Channel3
Dma.SPI2_TX.2.MemDataAlignment=DMA_MDATAALIGN_BYTE
Dma.SPI2_TX.2.MemInc=DMA_MINC_ENABLE
Dma.SPI2_TX.2.Mode=DMA_NORMAL
Dma.SPI2_TX.2.PeriphDataAlignment=DMA_PDATAALIGN_BYTE
Dma.SPI2_TX.2.PeriphInc=DMA_PINC_DISABLE
Dma.SPI2_TX.2.Polarity=HAL_DMAMUX_REQ_GEN_RISING
Dma.SPI2_TX.2.Priority=DMA_PRIORITY_HIGH
Dma.SPI2_TX.2.RequestNumber=1
Dma.SPI2_TX.2.RequestParameters=Instance,Direction,PeriphInc,MemInc,PeriphDataAlignment,MemDataAlignment,Mode,Priority,SignalID,Polarity,RequestNumber,SyncSignalID,SyncPolarity,SyncEnable,EventEnable,SyncRequestNumber
Dma.SPI2_TX.2.SignalID=NONE
Dma.SPI2_TX.2.SyncEnable=DISABLE
Dma.SPI2_TX.2.SyncPolarity=HAL_DMAMUX_SYNC_NO_EVENT
Dma.SPI2_TX.2.SyncRequestNumber=1
Dma.SPI2_TX.2.SyncSignalID=NONE
FREERTOS.FootprintOK=true
FREERTOS.INCLUDE_uxTaskGetStackHighWaterMark=1
FREERTOS.INCLUDE_vTaskDelay=1
FREERTOS.INCLUDE_xEventGroupSetBitFromISR=1
FREERTOS.INCLUDE_xTaskGetCurrentTaskHandle=1
FREERTOS.INCLUDE_xTaskGetHandle=1
FREERTOS.INCLUDE_xTimerPendFunctionCall=1
FREERTOS.IPParameters=Tasks01,configUSE_TIMERS,configTIMER_TASK_PRIORITY,INCLUDE_xTimerPendFunctionCall,INCLUDE_xEventGroupSetBitFromISR,MEMORY_ALLOCATION,configUSE_IDLE_HOOK,FootprintOK,configTOTAL_HEAP_SIZE,configCHECK_FOR_STACK_OVERFLOW,INCLUDE_uxTaskGetStackHighWaterMark,INCLUDE_vTaskDelay,INCLUDE_xTaskGetHandle,INCLUDE_xTaskGetCurrentTaskHandle
FREERTOS.MEMORY_ALLOCATION=2
FREERTOS.Tasks01=defaultTask,0,128,StartDefaultTask,Default,NULL,Dynamic,NULL,NULL
FREERTOS.configCHECK_FOR_STACK_OVERFLOW=1
FREERTOS.configTIMER_TASK_PRIORITY=5
FREERTOS.configTOTAL_HEAP_SIZE=16384
FREERTOS.configUSE_IDLE_HOOK=1
FREERTOS.configUSE_TIMERS=1
File.Version=6
I2C1.I2C_Speed_Mode=I2C_Fast
I2C1.IPParameters=I2C_Speed_Mode,Timing
I2C1.Timing=0x00602173
I2C3.IPParameters=Timing
I2C3.Timing=0x10707DBC
KeepUserPlacement=false
Mcu.Family=STM32WB
Mcu.IP0=ADC1
Mcu.IP1=CRC
Mcu.IP10=SPI1
Mcu.IP11=SPI2
Mcu.IP12=SYS
Mcu.IP2=DMA
Mcu.IP3=FREERTOS
Mcu.IP4=I2C1
Mcu.IP5=I2C3
Mcu.IP6=NVIC
Mcu.IP7=QUADSPI
Mcu.IP8=RCC
Mcu.IP9=SAI1
Mcu.IPNb=13
Mcu.Name=STM32WB55RGVx
Mcu.Package=VFQFPN68
Mcu.Pin0=PC13
Mcu.Pin1=PC14-OSC32_IN
Mcu.Pin10=PA2
Mcu.Pin11=PA3
Mcu.Pin12=PA4
Mcu.Pin13=PA5
Mcu.Pin14=PA6
Mcu.Pin15=PA7
Mcu.Pin16=PA8
Mcu.Pin17=PA9
Mcu.Pin18=PC4
Mcu.Pin19=PC5
Mcu.Pin2=PC15-OSC32_OUT
Mcu.Pin20=PB2
Mcu.Pin21=PB10
Mcu.Pin22=PB11
Mcu.Pin23=OSC_OUT
Mcu.Pin24=OSC_IN
Mcu.Pin25=PB0
Mcu.Pin26=PB1
Mcu.Pin27=PB12
Mcu.Pin28=PB13
Mcu.Pin29=PB14
Mcu.Pin3=PB8
Mcu.Pin30=PB15
Mcu.Pin31=PC6
Mcu.Pin32=PA10
Mcu.Pin33=PA11
Mcu.Pin34=PA12
Mcu.Pin35=PA13
Mcu.Pin36=PA14
Mcu.Pin37=PA15
Mcu.Pin38=PC10
Mcu.Pin39=PC11
Mcu.Pin4=PB9
Mcu.Pin40=PD0
Mcu.Pin41=PD1
Mcu.Pin42=PB3
Mcu.Pin43=PB5
Mcu.Pin44=PB6
Mcu.Pin45=PB7
Mcu.Pin46=VP_CRC_VS_CRC
Mcu.Pin47=VP_FREERTOS_VS_CMSIS_V1
Mcu.Pin48=VP_SYS_VS_tim17
Mcu.Pin5=PC0
Mcu.Pin6=PC1
Mcu.Pin7=PC3
Mcu.Pin8=PA0
Mcu.Pin9=PA1
Mcu.PinsNb=49
Mcu.ThirdPartyNb=0
Mcu.UserConstants=
Mcu.UserName=STM32WB55RGVx
MxCube.Version=5.4.0
MxDb.Version=DB.5.0.40
NVIC.BusFault_IRQn=true\:0\:0\:false\:false\:true\:false\:false\:false
NVIC.C2SEV_PWR_C2H_IRQn=true\:5\:0\:false\:false\:true\:true\:true\:false
NVIC.DMA1_Channel1_IRQn=true\:5\:0\:false\:false\:true\:true\:false\:true
NVIC.DMA1_Channel2_IRQn=true\:5\:0\:false\:false\:true\:true\:false\:true
NVIC.DMA1_Channel3_IRQn=true\:5\:0\:false\:false\:true\:true\:false\:true
NVIC.DMA1_Channel4_IRQn=true\:5\:0\:false\:false\:true\:true\:false\:true
NVIC.DMA1_Channel5_IRQn=true\:5\:0\:false\:false\:true\:true\:false\:true
NVIC.DMA1_Channel7_IRQn=true\:5\:0\:true\:false\:true\:true\:true\:true
NVIC.DebugMonitor_IRQn=true\:0\:0\:false\:false\:true\:false\:false\:false
NVIC.EXTI0_IRQn=true\:6\:0\:true\:false\:true\:true\:true\:true
NVIC.EXTI15_10_IRQn=true\:8\:0\:true\:false\:true\:true\:true\:true
NVIC.EXTI1_IRQn=true\:7\:0\:true\:false\:true\:true\:true\:true
NVIC.EXTI2_IRQn=true\:7\:0\:true\:false\:true\:true\:true\:true
NVIC.EXTI3_IRQn=true\:7\:0\:true\:false\:true\:true\:true\:true
NVIC.EXTI4_IRQn=true\:7\:0\:true\:false\:true\:true\:true\:true
NVIC.EXTI9_5_IRQn=true\:7\:0\:true\:false\:true\:true\:true\:true
NVIC.ForceEnableDMAVector=true
NVIC.HardFault_IRQn=true\:0\:0\:false\:false\:true\:false\:false\:false
NVIC.MemoryManagement_IRQn=true\:0\:0\:false\:false\:true\:false\:false\:false
NVIC.NonMaskableInt_IRQn=true\:0\:0\:false\:false\:true\:false\:false\:false
NVIC.PendSV_IRQn=true\:15\:0\:false\:false\:false\:true\:false\:false
NVIC.PriorityGroup=NVIC_PRIORITYGROUP_4
NVIC.QUADSPI_IRQn=true\:5\:0\:false\:false\:true\:true\:true\:true
NVIC.SVCall_IRQn=true\:0\:0\:false\:false\:false\:false\:false\:false
NVIC.SysTick_IRQn=true\:15\:0\:false\:false\:false\:true\:false\:true
NVIC.TIM1_TRG_COM_TIM17_IRQn=true\:0\:0\:false\:false\:true\:false\:false\:true
NVIC.TimeBase=TIM1_TRG_COM_TIM17_IRQn
NVIC.TimeBaseIP=TIM17
NVIC.UsageFault_IRQn=true\:0\:0\:false\:false\:true\:false\:false\:false
OSC_IN.Mode=HSE-External-Oscillator
OSC_IN.Signal=RCC_OSC_IN
OSC_OUT.Mode=HSE-External-Oscillator
OSC_OUT.Signal=RCC_OSC_OUT
PA0.Locked=true
PA0.Signal=ADCx_IN5
PA1.Locked=true
PA1.Signal=ADCx_IN6
PA10.Locked=true
PA10.Mode=PDM_Master_Mode_CK2
PA10.Signal=SAI1_D1
PA11.Locked=true
PA11.Mode=Full_Duplex_Master
PA11.Signal=SPI1_MISO
PA12.Locked=true
PA12.Mode=Full_Duplex_Master
PA12.Signal=SPI1_MOSI
PA13.Mode=JTAG_4_pins
PA13.Signal=SYS_JTMS-SWDIO
PA14.Mode=JTAG_4_pins
PA14.Signal=SYS_JTCK-SWCLK
PA15.Mode=JTAG_4_pins
PA15.Signal=SYS_JTDI
PA2.Mode=Single Bank 1
PA2.Signal=QUADSPI_BK1_NCS
PA3.Mode=Single Bank 1
PA3.Signal=QUADSPI_CLK
PA4.GPIOParameters=GPIO_Speed,PinState,GPIO_Label
PA4.GPIO_Label=SPI1_CS
PA4.GPIO_Speed=GPIO_SPEED_FREQ_HIGH
PA4.Locked=true
PA4.PinState=GPIO_PIN_RESET
PA4.Signal=GPIO_Output
PA5.Locked=true
PA5.Mode=Full_Duplex_Master
PA5.Signal=SPI1_SCK
PA6.Mode=Single Bank 1
PA6.Signal=QUADSPI_BK1_IO3
PA7.Mode=Single Bank 1
PA7.Signal=QUADSPI_BK1_IO2
PA8.Locked=true
PA8.Mode=PDM_Master_Mode_CK2
PA8.Signal=SAI1_CK2
PA9.GPIOParameters=GPIO_Label
PA9.GPIO_Label=PW_FLASH
PA9.Locked=true
PA9.Signal=GPIO_Output
PB0.GPIOParameters=GPIO_PuPd,GPIO_Label
PB0.GPIO_Label=DW_IRQ
PB0.GPIO_PuPd=GPIO_PULLDOWN
PB0.Locked=true
PB0.Signal=GPXTI0
PB1.GPIOParameters=GPIO_PuPd,GPIO_Label,GPIO_ModeDefaultEXTI
PB1.GPIO_Label=TMP_IRQ
PB1.GPIO_ModeDefaultEXTI=GPIO_MODE_IT_FALLING
PB1.GPIO_PuPd=GPIO_PULLUP
PB1.Locked=true
PB1.Signal=GPXTI1
PB10.Locked=true
PB10.Mode=I2C
PB10.Signal=I2C3_SCL
PB11.Locked=true
PB11.Mode=I2C
PB11.Signal=I2C3_SDA
PB12.GPIOParameters=GPIO_Speed,PinState,GPIO_Label
PB12.GPIO_Label=SPI2_CS
PB12.GPIO_Speed=GPIO_SPEED_FREQ_HIGH
PB12.Locked=true
PB12.PinState=GPIO_PIN_SET
PB12.Signal=GPIO_Output
PB13.GPIOParameters=GPIO_Speed
PB13.GPIO_Speed=GPIO_SPEED_FREQ_VERY_HIGH
PB13.Locked=true
PB13.Mode=Full_Duplex_Master
PB13.Signal=SPI2_SCK
PB14.GPIOParameters=GPIO_Speed
PB14.GPIO_Speed=GPIO_SPEED_FREQ_VERY_HIGH
PB14.Locked=true
PB14.Mode=Full_Duplex_Master
PB14.Signal=SPI2_MISO
PB15.GPIOParameters=GPIO_Speed
PB15.GPIO_Speed=GPIO_SPEED_FREQ_VERY_HIGH
PB15.Locked=true
PB15.Mode=Full_Duplex_Master
PB15.Signal=SPI2_MOSI
PB2.GPIOParameters=GPIO_PuPd,GPIO_Label
PB2.GPIO_Label=LSM_IRQ1
PB2.GPIO_PuPd=GPIO_NOPULL
PB2.Locked=true
PB2.Signal=GPXTI2
PB3.Mode=JTAG_4_pins
PB3.Signal=SYS_JTDO-SWO
PB5.GPIOParameters=GPIO_Label
PB5.GPIO_Label=PW_SAI
PB5.Locked=true
PB5.Signal=GPIO_Output
PB6.Locked=true
PB6.Mode=I2C
PB6.Signal=I2C1_SCL
PB7.Locked=true
PB7.Mode=I2C
PB7.Signal=I2C1_SDA
PB8.GPIOParameters=GPIO_PuPd
PB8.GPIO_PuPd=GPIO_PULLDOWN
PB8.Mode=Single Bank 1
PB8.Signal=QUADSPI_BK1_IO1
PB9.Mode=Single Bank 1
PB9.Signal=QUADSPI_BK1_IO0
PC0.Locked=true
PC0.Signal=ADCx_IN1
PC1.Locked=true
PC1.Signal=ADCx_IN2
PC10.GPIOParameters=GPIO_Speed,GPIO_Label,GPIO_ModeDefaultOutputPP
PC10.GPIO_Label=DW_RST
PC10.GPIO_ModeDefaultOutputPP=GPIO_MODE_OUTPUT_OD
PC10.GPIO_Speed=GPIO_SPEED_FREQ_MEDIUM
PC10.Locked=true
PC10.Signal=GPIO_Output
PC11.GPIOParameters=GPIO_Speed,GPIO_Label
PC11.GPIO_Label=DW_WU
PC11.GPIO_Speed=GPIO_SPEED_FREQ_MEDIUM
PC11.Locked=true
PC11.Signal=GPIO_Output
PC13.GPIOParameters=GPIO_Label,GPIO_ModeDefaultEXTI
PC13.GPIO_Label=WU_AUDIO
PC13.GPIO_ModeDefaultEXTI=GPIO_MODE_IT_RISING
PC13.Locked=true
PC13.Signal=GPXTI13
PC14-OSC32_IN.Mode=LSE-External-Oscillator
PC14-OSC32_IN.Signal=RCC_OSC32_IN
PC15-OSC32_OUT.Mode=LSE-External-Oscillator
PC15-OSC32_OUT.Signal=RCC_OSC32_OUT
PC3.GPIOParameters=GPIO_PuPd,GPIO_Label
PC3.GPIO_Label=HDC_IRQ
PC3.GPIO_PuPd=GPIO_PULLDOWN
PC3.Locked=true
PC3.Signal=GPXTI3
PC4.GPIOParameters=GPIO_PuPd,GPIO_Label
PC4.GPIO_Label=IIS_IRQ
PC4.GPIO_PuPd=GPIO_PULLDOWN
PC4.Locked=true
PC4.Signal=GPXTI4
PC5.GPIOParameters=GPIO_Label
PC5.GPIO_Label=LSM_IRQ2
PC5.Locked=true
PC5.Signal=GPXTI5
PC6.GPIOParameters=PinState,GPIO_Label
PC6.GPIO_Label=LED
PC6.Locked=true
PC6.PinState=GPIO_PIN_SET
PC6.Signal=GPIO_Output
PCC.Ble.ConnectionInterval=1000.0
PCC.Ble.DataLength=6
PCC.Ble.Mode=Advertising
PCC.Ble.PowerLevel=Min
PCC.Checker=true
PCC.Line=STM32WBx5
PCC.MCU=STM32WB55RGVx
PCC.PartNumber=STM32WB55RGVx
PCC.Seq0=2
PCC.Seq0.Step0.Average_Current=3.51 mA
PCC.Seq0.Step0.CPU_Frequency=64 MHz
PCC.Seq0.Step0.Category=In DS Table
PCC.Seq0.Step0.DMIPS=80.0
PCC.Seq0.Step0.Duration=1 ms
PCC.Seq0.Step0.Frequency=16 MHz
PCC.Seq0.Step0.Memory=FLASH/ART/CACHE
PCC.Seq0.Step0.Mode=SLEEP
PCC.Seq0.Step0.Oscillator=HSI PLL Regulator_ON
PCC.Seq0.Step0.Peripherals=DMA1 DMA2 I2C3 SPI2 TIM17
PCC.Seq0.Step0.TaMax=104.46
PCC.Seq0.Step0.User's_Consumption=0 mA
PCC.Seq0.Step0.Vcore=Range1-High/SMPS
PCC.Seq0.Step0.Vdd=3.3
PCC.Seq0.Step0.Voltage_Source=Battery
PCC.Seq0.Step1.Average_Current=6.36 mA
PCC.Seq0.Step1.CPU_Frequency=64 MHz
PCC.Seq0.Step1.Category=In DS Table
PCC.Seq0.Step1.DMIPS=80.0
PCC.Seq0.Step1.Duration=1 ms
PCC.Seq0.Step1.Frequency=16 MHz
PCC.Seq0.Step1.Memory=FLASH/ART/CACHE
PCC.Seq0.Step1.Mode=RUN
PCC.Seq0.Step1.Oscillator=HSI PLL Regulator_ON
PCC.Seq0.Step1.Peripherals=DMA1 DMA2 I2C1 I2C3 SPI2 TIM17
PCC.Seq0.Step1.TaMax=104.01
PCC.Seq0.Step1.User's_Consumption=0 mA
PCC.Seq0.Step1.Vcore=Range1-High/SMPS
PCC.Seq0.Step1.Vdd=3.3
PCC.Seq0.Step1.Voltage_Source=Battery
PCC.Series=STM32WB
PCC.Temperature=25
PCC.Vdd=3.0
PD0.GPIOParameters=GPIO_Label
PD0.GPIO_Label=PW_EXT
PD0.Locked=true
PD0.Signal=GPIO_Output
PD1.GPIOParameters=GPIO_Label
PD1.GPIO_Label=PW_INT
PD1.Locked=true
PD1.Signal=GPIO_Output
PinOutPanel.RotationAngle=0
ProjectManager.AskForMigrate=true
ProjectManager.BackupPrevious=false
ProjectManager.CompilerOptimize=6
ProjectManager.ComputerToolchain=false
ProjectManager.CoupleFile=true
ProjectManager.CustomerFirmwarePackage=
ProjectManager.DefaultFWLocation=true
ProjectManager.DeletePrevious=true
ProjectManager.DeviceId=STM32WB55RGVx
ProjectManager.FirmwarePackage=STM32Cube FW_WB V1.3.0
ProjectManager.FreePins=true
ProjectManager.HalAssertFull=false
ProjectManager.HeapSize=0x200
ProjectManager.KeepUserCode=true
ProjectManager.LastFirmware=true
ProjectManager.LibraryCopy=1
ProjectManager.MainLocation=Src
ProjectManager.NoMain=false
ProjectManager.PreviousToolchain=SW4STM32
ProjectManager.ProjectBuild=false
ProjectManager.ProjectFileName=SensorNode.ioc
ProjectManager.ProjectName=SensorNode
ProjectManager.StackSize=0x400
ProjectManager.TargetToolchain=SW4STM32
ProjectManager.ToolChainLocation=
ProjectManager.UnderRoot=true
ProjectManager.functionlistsort=1-MX_GPIO_Init-GPIO-false-HAL-true,2-MX_DMA_Init-DMA-false-HAL-true,3-SystemClock_Config-RCC-false-HAL-false,4-MX_I2C1_Init-I2C1-true-HAL-false,5-MX_SPI1_Init-SPI1-true-HAL-false,6-MX_SPI2_Init-SPI2-false-HAL-true,7-MX_ADC1_Init-ADC1-true-HAL-false,8-MX_I2C3_Init-I2C3-true-HAL-false,9-MX_QUADSPI_Init-QUADSPI-true-HAL-false,10-MX_SAI1_Init-SAI1-true-HAL-false,11-MX_CRC_Init-CRC-false-HAL-true
QUADSPI.ClockPrescaler=4
QUADSPI.FifoThreshold=4
QUADSPI.FlashSize=23
QUADSPI.IPParameters=FifoThreshold,FlashSize,SampleShifting,ClockPrescaler
QUADSPI.SampleShifting=QSPI_SAMPLE_SHIFTING_HALFCYCLE
RCC.ADCCLockSelection=RCC_ADCCLKSOURCE_PLL
RCC.ADCFreq_Value=4129032.2580645164
RCC.AHB2CLKDivider=RCC_SYSCLK_DIV2
RCC.AHBFreq_Value=64000000
RCC.APB1Freq_Value=64000000
RCC.APB1TimFreq_Value=64000000
RCC.APB2Freq_Value=64000000
RCC.APB2TimFreq_Value=64000000
RCC.APB3Freq_Value=4000000
RCC.Cortex2Freq_Value=32000000
RCC.CortexFreq_Value=64000000
RCC.FCLK2Freq_Value=32000000
RCC.FCLKCortexFreq_Value=64000000
RCC.FamilyName=M
RCC.HCLK2Freq_Value=32000000
RCC.HCLK3Freq_Value=64000000
RCC.HCLKFreq_Value=64000000
RCC.HCLKRFFreq_Value=4000000
RCC.HSE_VALUE=8000000
RCC.HSI48_VALUE=48000000
RCC.HSI_VALUE=16000000
RCC.I2C1Freq_Value=64000000
RCC.I2C3Freq_Value=64000000
RCC.IPParameters=ADCCLockSelection,ADCFreq_Value,AHB2CLKDivider,AHBFreq_Value,APB1Freq_Value,APB1TimFreq_Value,APB2Freq_Value,APB2TimFreq_Value,APB3Freq_Value,Cortex2Freq_Value,CortexFreq_Value,FCLK2Freq_Value,FCLKCortexFreq_Value,FamilyName,HCLK2Freq_Value,HCLK3Freq_Value,HCLKFreq_Value,HCLKRFFreq_Value,HSE_VALUE,HSI48_VALUE,HSI_VALUE,I2C1Freq_Value,I2C3Freq_Value,LPTIM1Freq_Value,LPTIM2Freq_Value,LPUART1Freq_Value,LSCOPinFreq_Value,LSI_VALUE,MCO1PinFreq_Value,PLLP,PLLPoutputFreq_Value,PLLQoutputFreq_Value,PLLRCLKFreq_Value,PLLSAI1N,PLLSAI1P,PLLSAI1PoutputFreq_Value,PLLSAI1QoutputFreq_Value,PLLSAI1RoutputFreq_Value,PLLSourceVirtual,PWRFreq_Value,RNGFreq_Value,SAI1CLockSelection,SAI1Freq_Value,SMPS1Freq_Value,SMPSFreq_Value,SYSCLKFreq_VALUE,SYSCLKSource,USART1Freq_Value,USBFreq_Value,VCOInputFreq_Value,VCOOutputFreq_Value,VCOSAI1OutputFreq_Value
RCC.LPTIM1Freq_Value=64000000
RCC.LPTIM2Freq_Value=64000000
RCC.LPUART1Freq_Value=64000000
RCC.LSCOPinFreq_Value=32000
RCC.LSI_VALUE=32000
RCC.MCO1PinFreq_Value=64000000
RCC.PLLP=RCC_PLLP_DIV31
RCC.PLLPoutputFreq_Value=4129032.2580645164
RCC.PLLQoutputFreq_Value=64000000
RCC.PLLRCLKFreq_Value=64000000
RCC.PLLSAI1N=6
RCC.PLLSAI1P=RCC_PLLP_DIV31
RCC.PLLSAI1PoutputFreq_Value=3096774.193548387
RCC.PLLSAI1QoutputFreq_Value=48000000
RCC.PLLSAI1RoutputFreq_Value=48000000
RCC.PLLSourceVirtual=RCC_PLLSOURCE_HSI
RCC.PWRFreq_Value=64000000
RCC.RNGFreq_Value=32000
RCC.SAI1CLockSelection=RCC_SAI1CLKSOURCE_PLL
RCC.SAI1Freq_Value=4129032.2580645164
RCC.SMPS1Freq_Value=8000000
RCC.SMPSFreq_Value=4000000
RCC.SYSCLKFreq_VALUE=64000000
RCC.SYSCLKSource=RCC_SYSCLKSOURCE_PLLCLK
RCC.USART1Freq_Value=64000000
RCC.USBFreq_Value=48000000
RCC.VCOInputFreq_Value=16000000
RCC.VCOOutputFreq_Value=128000000
RCC.VCOSAI1OutputFreq_Value=96000000
SAI1.Activation=ENABLE
SAI1.ClockEnable=SAI_PDM_CLOCK2_ENABLE
SAI1.DataSize-PDM_Master_Mode_CK2=SAI_DATASIZE_16
SAI1.ErrorAudioFreq-PDM_Master_Mode_CK2=-91.59 %
SAI1.FSPolarity-PDM_Master_Mode_CK2=SAI_FS_ACTIVE_HIGH
SAI1.FirstBit-PDM_Master_Mode_CK2=SAI_FIRSTBIT_LSB
SAI1.FrameLength-PDM_Master_Mode_CK2=16
SAI1.IPParameters=Activation,ClockEnable,Synchro_A,MicPairsNbr,Instance-PDM_Master_Mode_CK2,VirtualMode-PDM_Master_Mode_CK2,MClockEnable-PDM_Master_Mode_CK2,VirtualProtocol-PDM_Master_Mode_CK2,RealAudioFreq-PDM_Master_Mode_CK2,ErrorAudioFreq-PDM_Master_Mode_CK2,FrameLength-PDM_Master_Mode_CK2,DataSize-PDM_Master_Mode_CK2,FirstBit-PDM_Master_Mode_CK2,FSPolarity-PDM_Master_Mode_CK2,VirtualSlotActive-PDM_Master_Mode_CK2,SlotActive-PDM_Master_Mode_CK2,NoDivider-PDM_Master_Mode_CK2
SAI1.Instance-PDM_Master_Mode_CK2=SAI$Index_Block_A
SAI1.MClockEnable-PDM_Master_Mode_CK2=SAI_MASTERCLOCK_DISABLE
SAI1.MicPairsNbr=1
SAI1.NoDivider-PDM_Master_Mode_CK2=SAI_MASTERDIVIDER_DISABLE
SAI1.RealAudioFreq-PDM_Master_Mode_CK2=258.064 KHz
SAI1.SlotActive-PDM_Master_Mode_CK2=0x0000FFFF
SAI1.Synchro_A=SAI_ASYNCHRONOUS
SAI1.VirtualMode-PDM_Master_Mode_CK2=VM_MASTER
SAI1.VirtualProtocol-PDM_Master_Mode_CK2=VM_PDM_PROTOCOL
SAI1.VirtualSlotActive-PDM_Master_Mode_CK2=SAI_SLOTACTIVE_ALL
SH.ADCx_IN1.0=ADC1_IN1,IN1-Single-Ended
SH.ADCx_IN1.ConfNb=1
SH.ADCx_IN2.0=ADC1_IN2,IN2-Single-Ended
SH.ADCx_IN2.ConfNb=1
SH.ADCx_IN5.0=ADC1_IN5,IN5-Single-Ended
SH.ADCx_IN5.ConfNb=1
SH.ADCx_IN6.0=ADC1_IN6,IN6-Single-Ended
SH.ADCx_IN6.ConfNb=1
SH.GPXTI0.0=GPIO_EXTI0
SH.GPXTI0.ConfNb=1
SH.GPXTI1.0=GPIO_EXTI1
SH.GPXTI1.ConfNb=1
SH.GPXTI13.0=GPIO_EXTI13
SH.GPXTI13.ConfNb=1
SH.GPXTI2.0=GPIO_EXTI2
SH.GPXTI2.ConfNb=1
SH.GPXTI3.0=GPIO_EXTI3
SH.GPXTI3.ConfNb=1
SH.GPXTI4.0=GPIO_EXTI4
SH.GPXTI4.ConfNb=1
SH.GPXTI5.0=GPIO_EXTI5
SH.GPXTI5.ConfNb=1
SPI1.BaudRatePrescaler=SPI_BAUDRATEPRESCALER_2
SPI1.CalculateBaudRate=32.0 MBits/s
SPI1.Direction=SPI_DIRECTION_2LINES
SPI1.IPParameters=VirtualType,Mode,Direction,CalculateBaudRate,BaudRatePrescaler
SPI1.Mode=SPI_MODE_MASTER
SPI1.VirtualType=VM_MASTER
SPI2.BaudRatePrescaler=SPI_BAUDRATEPRESCALER_32
SPI2.CalculateBaudRate=2.0 MBits/s
SPI2.DataSize=SPI_DATASIZE_8BIT
SPI2.Direction=SPI_DIRECTION_2LINES
SPI2.IPParameters=VirtualType,Mode,Direction,CalculateBaudRate,BaudRatePrescaler,DataSize
SPI2.Mode=SPI_MODE_MASTER
SPI2.VirtualType=VM_MASTER
VP_CRC_VS_CRC.Mode=CRC_Activate
VP_CRC_VS_CRC.Signal=CRC_VS_CRC
VP_FREERTOS_VS_CMSIS_V1.Mode=CMSIS_V1
VP_FREERTOS_VS_CMSIS_V1.Signal=FREERTOS_VS_CMSIS_V1
VP_SYS_VS_tim17.Mode=TIM17
VP_SYS_VS_tim17.Signal=SYS_VS_tim17
board=custom
